{
    "friendsofphp/proxy-manager-lts": {
        "version": "v1.0.3"
    },
    "ocramius/proxy-manager": {
        "version": "2.9.1"
    },
    "symfony/apache-pack": {
        "version": "1.0",
        "recipe": {
            "repo": "github.com/symfony/recipes-contrib",
            "branch": "master",
            "version": "1.0",
            "ref": "71599f5b0fdeeeec0fb90e9b17c85e6f5e1350c1"
        }
    },
    "symfony/form": {
        "version": "v5.1.10"
    },
    "symfony/intl": {
        "version": "v5.1.10"
    },
    "symfony/options-resolver": {
        "version": "v5.1.10"
    },
    "symfony/polyfill-intl-icu": {
        "version": "v1.22.0"
    },
    "symfony/property-access": {
        "version": "v5.1.10"
    },
    "symfony/property-info": {
        "version": "v5.1.10"
    },
    "symfony/translation-contracts": {
        "version": "v2.3.0"
    },
    "symfony/twig-bridge": {
        "version": "v5.1.10"
    },
    "symfony/twig-bundle": {
        "version": "5.0",
        "recipe": {
            "repo": "github.com/symfony/recipes",
            "branch": "master",
            "version": "5.0",
            "ref": "fab9149bbaa4d5eca054ed93f9e1b66cc500895d"
        },
        "files": [
            "config/packages/test/twig.yaml",
            "config/packages/twig.yaml",
            "templates/base.html.twig"
        ]
    },
    "symfony/twig-pack": {
        "version": "v1.0.1"
    },
    "symfony/validator": {
        "version": "4.3",
        "recipe": {
            "repo": "github.com/symfony/recipes",
            "branch": "master",
            "version": "4.3",
            "ref": "d902da3e4952f18d3bf05aab29512eb61cabd869"
        },
        "files": [
            "config/packages/test/validator.yaml",
            "config/packages/validator.yaml"
        ]
    },
    "twig/twig": {
        "version": "v3.2.1"
    },
    "webimpress/safe-writer": {
        "version": "2.1.0"
    }
}
